
Microsoft Visual Studio Solution File, Format Version 12.00
# Visual Studio Version 17
VisualStudioVersion = 17.3.32922.545
MinimumVisualStudioVersion = 10.0.40219.1
Project("{8BC9CEB8-8B4A-11D0-8D11-00A0C91BC942}") = "GameEngineApp", "GameEngineApp\GameEngineApp.vcxproj", "{75BE9C37-A153-4BC1-A3B4-9FC0951F9DF1}"
	ProjectSection(ProjectDependencies) = postProject
		{056025FA-EE6B-4D5A-A2F0-CA4FC17C0C6E} = {056025FA-EE6B-4D5A-A2F0-CA4FC17C0C6E}
		{0D143CBD-F9FD-4345-ACAB-083421FC48DE} = {0D143CBD-F9FD-4345-ACAB-083421FC48DE}
		{33315545-4554-4677-8527-7C61BEDA9CF4} = {33315545-4554-4677-8527-7C61BEDA9CF4}
	EndProjectSection
EndProject
Project("{8BC9CEB8-8B4A-11D0-8D11-00A0C91BC942}") = "GameEngineContents", "GameEngineContents\GameEngineContents.vcxproj", "{0D143CBD-F9FD-4345-ACAB-083421FC48DE}"
	ProjectSection(ProjectDependencies) = postProject
		{056025FA-EE6B-4D5A-A2F0-CA4FC17C0C6E} = {056025FA-EE6B-4D5A-A2F0-CA4FC17C0C6E}
		{10E0E127-D4D2-390D-94C4-A6502FE67F55} = {10E0E127-D4D2-390D-94C4-A6502FE67F55}
		{149DF25F-1E80-3B4C-B655-397EFC644673} = {149DF25F-1E80-3B4C-B655-397EFC644673}
		{2F06D804-2603-340C-9AE2-79CDF08E3F2F} = {2F06D804-2603-340C-9AE2-79CDF08E3F2F}
		{33315545-4554-4677-8527-7C61BEDA9CF4} = {33315545-4554-4677-8527-7C61BEDA9CF4}
		{6F142B8C-4525-3EB4-AF00-117221B43F47} = {6F142B8C-4525-3EB4-AF00-117221B43F47}
		{8EAF4B0A-144B-3076-9131-26753841A8C9} = {8EAF4B0A-144B-3076-9131-26753841A8C9}
		{9D82DCB7-14BE-3D2F-ADAC-5E521197D3B6} = {9D82DCB7-14BE-3D2F-ADAC-5E521197D3B6}
		{E079F69E-A1D4-3930-A8B4-0A3C62E1DBEF} = {E079F69E-A1D4-3930-A8B4-0A3C62E1DBEF}
		{E1A500F0-4374-3714-A5DF-D83766438287} = {E1A500F0-4374-3714-A5DF-D83766438287}
	EndProjectSection
EndProject
Project("{8BC9CEB8-8B4A-11D0-8D11-00A0C91BC942}") = "GameEngineShader", "GameEngineResources\GameEngineShader\GameEngineShader.vcxproj", "{688CB3C2-7CC3-4E51-B028-9614041DA912}"
EndProject
Project("{2150E333-8FDC-42A3-9474-1A3956D46DE8}") = "Level0", "Level0", "{2C7BCBEF-884E-4C57-896C-C655EFE271AC}"
EndProject
Project("{2150E333-8FDC-42A3-9474-1A3956D46DE8}") = "Level1", "Level1", "{F7C569C3-F21F-41F5-A916-549B7DE31FFD}"
EndProject
Project("{2150E333-8FDC-42A3-9474-1A3956D46DE8}") = "Level2", "Level2", "{3D4A0B55-3D4F-4EB3-9E9D-C2AA27F5A407}"
EndProject
Project("{2150E333-8FDC-42A3-9474-1A3956D46DE8}") = "Level5", "Level5", "{CC906E5F-F8E5-42FD-97F0-734DC2B4D285}"
EndProject
Project("{8BC9CEB8-8B4A-11D0-8D11-00A0C91BC942}") = "GameEngineBase", "GameEngineBase\GameEngineBase.vcxproj", "{33315545-4554-4677-8527-7C61BEDA9CF4}"
EndProject
Project("{8BC9CEB8-8B4A-11D0-8D11-00A0C91BC942}") = "GameEngineCore", "GameEngineCore\GameEngineCore.vcxproj", "{056025FA-EE6B-4D5A-A2F0-CA4FC17C0C6E}"
EndProject
Project("{2150E333-8FDC-42A3-9474-1A3956D46DE8}") = "PhysX SDK", "PhysX SDK", "{8E74F4B7-BD04-44D9-A6BB-5E914691B785}"
EndProject
Project("{8BC9CEB8-8B4A-11D0-8D11-00A0C91BC942}") = "FastXml", "PhysXSDK\FastXml.vcxproj", "{97E24DD6-9434-3D18-A5D7-0CBEC9BA62CC}"
EndProject
Project("{8BC9CEB8-8B4A-11D0-8D11-00A0C91BC942}") = "LowLevel", "PhysXSDK\LowLevel.vcxproj", "{361EC7F5-6BEF-32EB-AEDE-A693440090B6}"
EndProject
Project("{8BC9CEB8-8B4A-11D0-8D11-00A0C91BC942}") = "LowLevelAABB", "PhysXSDK\LowLevelAABB.vcxproj", "{E9AFD77F-7049-3686-8578-92770FE313D9}"
EndProject
Project("{8BC9CEB8-8B4A-11D0-8D11-00A0C91BC942}") = "LowLevelDynamics", "PhysXSDK\LowLevelDynamics.vcxproj", "{478DF678-210D-3C32-A704-0169B6F89667}"
EndProject
Project("{8BC9CEB8-8B4A-11D0-8D11-00A0C91BC942}") = "PhysX", "PhysXSDK\PhysX.vcxproj", "{9D82DCB7-14BE-3D2F-ADAC-5E521197D3B6}"
EndProject
Project("{8BC9CEB8-8B4A-11D0-8D11-00A0C91BC942}") = "PhysXCharacterKinematic", "PhysXSDK\PhysXCharacterKinematic.vcxproj", "{149DF25F-1E80-3B4C-B655-397EFC644673}"
EndProject
Project("{8BC9CEB8-8B4A-11D0-8D11-00A0C91BC942}") = "PhysXCommon", "PhysXSDK\PhysXCommon.vcxproj", "{10E0E127-D4D2-390D-94C4-A6502FE67F55}"
EndProject
Project("{8BC9CEB8-8B4A-11D0-8D11-00A0C91BC942}") = "PhysXCooking", "PhysXSDK\PhysXCooking.vcxproj", "{8EAF4B0A-144B-3076-9131-26753841A8C9}"
EndProject
Project("{8BC9CEB8-8B4A-11D0-8D11-00A0C91BC942}") = "PhysXExtensions", "PhysXSDK\PhysXExtensions.vcxproj", "{2F06D804-2603-340C-9AE2-79CDF08E3F2F}"
EndProject
Project("{8BC9CEB8-8B4A-11D0-8D11-00A0C91BC942}") = "PhysXFoundation", "PhysXSDK\PhysXFoundation.vcxproj", "{E079F69E-A1D4-3930-A8B4-0A3C62E1DBEF}"
EndProject
Project("{8BC9CEB8-8B4A-11D0-8D11-00A0C91BC942}") = "PhysXPvdSDK", "PhysXSDK\PhysXPvdSDK.vcxproj", "{6F142B8C-4525-3EB4-AF00-117221B43F47}"
EndProject
Project("{8BC9CEB8-8B4A-11D0-8D11-00A0C91BC942}") = "PhysXTask", "PhysXSDK\PhysXTask.vcxproj", "{367FBC5B-9428-3424-B9C8-0FD94119C978}"
EndProject
Project("{8BC9CEB8-8B4A-11D0-8D11-00A0C91BC942}") = "PhysXVehicle", "PhysXSDK\PhysXVehicle.vcxproj", "{E1A500F0-4374-3714-A5DF-D83766438287}"
EndProject
Project("{8BC9CEB8-8B4A-11D0-8D11-00A0C91BC942}") = "SceneQuery", "PhysXSDK\SceneQuery.vcxproj", "{D1CA3CA2-11FA-3B85-8257-2AB082A77D48}"
EndProject
Project("{8BC9CEB8-8B4A-11D0-8D11-00A0C91BC942}") = "SimulationController", "PhysXSDK\SimulationController.vcxproj", "{43FA86A3-905C-3EAC-A73B-D690881D45FD}"
EndProject
Project("{2150E333-8FDC-42A3-9474-1A3956D46DE8}") = "Snippets", "Snippets", "{A19F1E2E-CB93-47C5-87F2-A539B80AFED8}"
EndProject
Project("{8BC9CEB8-8B4A-11D0-8D11-00A0C91BC942}") = "SnippetUtils", "PhysXSDKSnippets\SnippetUtils.vcxproj", "{B0069599-5C8D-36A7-A5DD-3EBCB0F059A3}"
EndProject
Global
	GlobalSection(SolutionConfigurationPlatforms) = preSolution
		checked|x64 = checked|x64
		checked|x86 = checked|x86
		Debug|x64 = Debug|x64
		Debug|x86 = Debug|x86
		profile|x64 = profile|x64
		profile|x86 = profile|x86
		Release|x64 = Release|x64
		Release|x86 = Release|x86
	EndGlobalSection
	GlobalSection(ProjectConfigurationPlatforms) = postSolution
		{75BE9C37-A153-4BC1-A3B4-9FC0951F9DF1}.checked|x64.ActiveCfg = Release|x64
		{75BE9C37-A153-4BC1-A3B4-9FC0951F9DF1}.checked|x64.Build.0 = Release|x64
		{75BE9C37-A153-4BC1-A3B4-9FC0951F9DF1}.checked|x86.ActiveCfg = Release|Win32
		{75BE9C37-A153-4BC1-A3B4-9FC0951F9DF1}.checked|x86.Build.0 = Release|Win32
		{75BE9C37-A153-4BC1-A3B4-9FC0951F9DF1}.Debug|x64.ActiveCfg = Debug|x64
		{75BE9C37-A153-4BC1-A3B4-9FC0951F9DF1}.Debug|x64.Build.0 = Debug|x64
		{75BE9C37-A153-4BC1-A3B4-9FC0951F9DF1}.Debug|x86.ActiveCfg = Debug|Win32
		{75BE9C37-A153-4BC1-A3B4-9FC0951F9DF1}.Debug|x86.Build.0 = Debug|Win32
		{75BE9C37-A153-4BC1-A3B4-9FC0951F9DF1}.profile|x64.ActiveCfg = Release|x64
		{75BE9C37-A153-4BC1-A3B4-9FC0951F9DF1}.profile|x64.Build.0 = Release|x64
		{75BE9C37-A153-4BC1-A3B4-9FC0951F9DF1}.profile|x86.ActiveCfg = Release|Win32
		{75BE9C37-A153-4BC1-A3B4-9FC0951F9DF1}.profile|x86.Build.0 = Release|Win32
		{75BE9C37-A153-4BC1-A3B4-9FC0951F9DF1}.Release|x64.ActiveCfg = Release|x64
		{75BE9C37-A153-4BC1-A3B4-9FC0951F9DF1}.Release|x64.Build.0 = Release|x64
		{75BE9C37-A153-4BC1-A3B4-9FC0951F9DF1}.Release|x86.ActiveCfg = Release|Win32
		{75BE9C37-A153-4BC1-A3B4-9FC0951F9DF1}.Release|x86.Build.0 = Release|Win32
		{0D143CBD-F9FD-4345-ACAB-083421FC48DE}.checked|x64.ActiveCfg = Release|x64
		{0D143CBD-F9FD-4345-ACAB-083421FC48DE}.checked|x64.Build.0 = Release|x64
		{0D143CBD-F9FD-4345-ACAB-083421FC48DE}.checked|x86.ActiveCfg = Release|Win32
		{0D143CBD-F9FD-4345-ACAB-083421FC48DE}.checked|x86.Build.0 = Release|Win32
		{0D143CBD-F9FD-4345-ACAB-083421FC48DE}.Debug|x64.ActiveCfg = Debug|x64
		{0D143CBD-F9FD-4345-ACAB-083421FC48DE}.Debug|x64.Build.0 = Debug|x64
		{0D143CBD-F9FD-4345-ACAB-083421FC48DE}.Debug|x86.ActiveCfg = Debug|Win32
		{0D143CBD-F9FD-4345-ACAB-083421FC48DE}.Debug|x86.Build.0 = Debug|Win32
		{0D143CBD-F9FD-4345-ACAB-083421FC48DE}.profile|x64.ActiveCfg = Release|x64
		{0D143CBD-F9FD-4345-ACAB-083421FC48DE}.profile|x64.Build.0 = Release|x64
		{0D143CBD-F9FD-4345-ACAB-083421FC48DE}.profile|x86.ActiveCfg = Release|Win32
		{0D143CBD-F9FD-4345-ACAB-083421FC48DE}.profile|x86.Build.0 = Release|Win32
		{0D143CBD-F9FD-4345-ACAB-083421FC48DE}.Release|x64.ActiveCfg = Release|x64
		{0D143CBD-F9FD-4345-ACAB-083421FC48DE}.Release|x64.Build.0 = Release|x64
		{0D143CBD-F9FD-4345-ACAB-083421FC48DE}.Release|x86.ActiveCfg = Release|Win32
		{0D143CBD-F9FD-4345-ACAB-083421FC48DE}.Release|x86.Build.0 = Release|Win32
		{688CB3C2-7CC3-4E51-B028-9614041DA912}.checked|x64.ActiveCfg = Release|x64
		{688CB3C2-7CC3-4E51-B028-9614041DA912}.checked|x64.Build.0 = Release|x64
		{688CB3C2-7CC3-4E51-B028-9614041DA912}.checked|x86.ActiveCfg = Release|Win32
		{688CB3C2-7CC3-4E51-B028-9614041DA912}.checked|x86.Build.0 = Release|Win32
		{688CB3C2-7CC3-4E51-B028-9614041DA912}.Debug|x64.ActiveCfg = Debug|x64
		{688CB3C2-7CC3-4E51-B028-9614041DA912}.Debug|x64.Build.0 = Debug|x64
		{688CB3C2-7CC3-4E51-B028-9614041DA912}.Debug|x86.ActiveCfg = Debug|Win32
		{688CB3C2-7CC3-4E51-B028-9614041DA912}.Debug|x86.Build.0 = Debug|Win32
		{688CB3C2-7CC3-4E51-B028-9614041DA912}.profile|x64.ActiveCfg = Release|x64
		{688CB3C2-7CC3-4E51-B028-9614041DA912}.profile|x64.Build.0 = Release|x64
		{688CB3C2-7CC3-4E51-B028-9614041DA912}.profile|x86.ActiveCfg = Release|Win32
		{688CB3C2-7CC3-4E51-B028-9614041DA912}.profile|x86.Build.0 = Release|Win32
		{688CB3C2-7CC3-4E51-B028-9614041DA912}.Release|x64.ActiveCfg = Release|x64
		{688CB3C2-7CC3-4E51-B028-9614041DA912}.Release|x64.Build.0 = Release|x64
		{688CB3C2-7CC3-4E51-B028-9614041DA912}.Release|x86.ActiveCfg = Release|Win32
		{688CB3C2-7CC3-4E51-B028-9614041DA912}.Release|x86.Build.0 = Release|Win32
		{33315545-4554-4677-8527-7C61BEDA9CF4}.checked|x64.ActiveCfg = Release|x64
		{33315545-4554-4677-8527-7C61BEDA9CF4}.checked|x64.Build.0 = Release|x64
		{33315545-4554-4677-8527-7C61BEDA9CF4}.checked|x86.ActiveCfg = Release|Win32
		{33315545-4554-4677-8527-7C61BEDA9CF4}.checked|x86.Build.0 = Release|Win32
		{33315545-4554-4677-8527-7C61BEDA9CF4}.Debug|x64.ActiveCfg = Debug|x64
		{33315545-4554-4677-8527-7C61BEDA9CF4}.Debug|x64.Build.0 = Debug|x64
		{33315545-4554-4677-8527-7C61BEDA9CF4}.Debug|x86.ActiveCfg = Debug|Win32
		{33315545-4554-4677-8527-7C61BEDA9CF4}.Debug|x86.Build.0 = Debug|Win32
		{33315545-4554-4677-8527-7C61BEDA9CF4}.profile|x64.ActiveCfg = Release|x64
		{33315545-4554-4677-8527-7C61BEDA9CF4}.profile|x64.Build.0 = Release|x64
		{33315545-4554-4677-8527-7C61BEDA9CF4}.profile|x86.ActiveCfg = Release|Win32
		{33315545-4554-4677-8527-7C61BEDA9CF4}.profile|x86.Build.0 = Release|Win32
		{33315545-4554-4677-8527-7C61BEDA9CF4}.Release|x64.ActiveCfg = Release|x64
		{33315545-4554-4677-8527-7C61BEDA9CF4}.Release|x64.Build.0 = Release|x64
		{33315545-4554-4677-8527-7C61BEDA9CF4}.Release|x86.ActiveCfg = Release|Win32
		{33315545-4554-4677-8527-7C61BEDA9CF4}.Release|x86.Build.0 = Release|Win32
		{056025FA-EE6B-4D5A-A2F0-CA4FC17C0C6E}.checked|x64.ActiveCfg = Release|x64
		{056025FA-EE6B-4D5A-A2F0-CA4FC17C0C6E}.checked|x64.Build.0 = Release|x64
		{056025FA-EE6B-4D5A-A2F0-CA4FC17C0C6E}.checked|x86.ActiveCfg = Release|Win32
		{056025FA-EE6B-4D5A-A2F0-CA4FC17C0C6E}.checked|x86.Build.0 = Release|Win32
		{056025FA-EE6B-4D5A-A2F0-CA4FC17C0C6E}.Debug|x64.ActiveCfg = Debug|x64
		{056025FA-EE6B-4D5A-A2F0-CA4FC17C0C6E}.Debug|x64.Build.0 = Debug|x64
		{056025FA-EE6B-4D5A-A2F0-CA4FC17C0C6E}.Debug|x86.ActiveCfg = Debug|Win32
		{056025FA-EE6B-4D5A-A2F0-CA4FC17C0C6E}.Debug|x86.Build.0 = Debug|Win32
		{056025FA-EE6B-4D5A-A2F0-CA4FC17C0C6E}.profile|x64.ActiveCfg = Release|x64
		{056025FA-EE6B-4D5A-A2F0-CA4FC17C0C6E}.profile|x64.Build.0 = Release|x64
		{056025FA-EE6B-4D5A-A2F0-CA4FC17C0C6E}.profile|x86.ActiveCfg = Release|Win32
		{056025FA-EE6B-4D5A-A2F0-CA4FC17C0C6E}.profile|x86.Build.0 = Release|Win32
		{056025FA-EE6B-4D5A-A2F0-CA4FC17C0C6E}.Release|x64.ActiveCfg = Release|x64
		{056025FA-EE6B-4D5A-A2F0-CA4FC17C0C6E}.Release|x64.Build.0 = Release|x64
		{056025FA-EE6B-4D5A-A2F0-CA4FC17C0C6E}.Release|x86.ActiveCfg = Release|Win32
		{056025FA-EE6B-4D5A-A2F0-CA4FC17C0C6E}.Release|x86.Build.0 = Release|Win32
		{97E24DD6-9434-3D18-A5D7-0CBEC9BA62CC}.checked|x64.ActiveCfg = checked|x64
		{97E24DD6-9434-3D18-A5D7-0CBEC9BA62CC}.checked|x64.Build.0 = checked|x64
		{97E24DD6-9434-3D18-A5D7-0CBEC9BA62CC}.checked|x86.ActiveCfg = checked|x64
		{97E24DD6-9434-3D18-A5D7-0CBEC9BA62CC}.checked|x86.Build.0 = checked|x64
		{97E24DD6-9434-3D18-A5D7-0CBEC9BA62CC}.Debug|x64.ActiveCfg = debug|x64
		{97E24DD6-9434-3D18-A5D7-0CBEC9BA62CC}.Debug|x64.Build.0 = debug|x64
		{97E24DD6-9434-3D18-A5D7-0CBEC9BA62CC}.Debug|x86.ActiveCfg = debug|x64
		{97E24DD6-9434-3D18-A5D7-0CBEC9BA62CC}.Debug|x86.Build.0 = debug|x64
		{97E24DD6-9434-3D18-A5D7-0CBEC9BA62CC}.profile|x64.ActiveCfg = profile|x64
		{97E24DD6-9434-3D18-A5D7-0CBEC9BA62CC}.profile|x64.Build.0 = profile|x64
		{97E24DD6-9434-3D18-A5D7-0CBEC9BA62CC}.profile|x86.ActiveCfg = profile|x64
		{97E24DD6-9434-3D18-A5D7-0CBEC9BA62CC}.profile|x86.Build.0 = profile|x64
		{97E24DD6-9434-3D18-A5D7-0CBEC9BA62CC}.Release|x64.ActiveCfg = release|x64
		{97E24DD6-9434-3D18-A5D7-0CBEC9BA62CC}.Release|x64.Build.0 = release|x64
		{97E24DD6-9434-3D18-A5D7-0CBEC9BA62CC}.Release|x86.ActiveCfg = release|x64
		{97E24DD6-9434-3D18-A5D7-0CBEC9BA62CC}.Release|x86.Build.0 = release|x64
		{361EC7F5-6BEF-32EB-AEDE-A693440090B6}.checked|x64.ActiveCfg = checked|x64
		{361EC7F5-6BEF-32EB-AEDE-A693440090B6}.checked|x64.Build.0 = checked|x64
		{361EC7F5-6BEF-32EB-AEDE-A693440090B6}.checked|x86.ActiveCfg = checked|x64
		{361EC7F5-6BEF-32EB-AEDE-A693440090B6}.checked|x86.Build.0 = checked|x64
		{361EC7F5-6BEF-32EB-AEDE-A693440090B6}.Debug|x64.ActiveCfg = debug|x64
		{361EC7F5-6BEF-32EB-AEDE-A693440090B6}.Debug|x64.Build.0 = debug|x64
		{361EC7F5-6BEF-32EB-AEDE-A693440090B6}.Debug|x86.ActiveCfg = debug|x64
		{361EC7F5-6BEF-32EB-AEDE-A693440090B6}.Debug|x86.Build.0 = debug|x64
		{361EC7F5-6BEF-32EB-AEDE-A693440090B6}.profile|x64.ActiveCfg = profile|x64
		{361EC7F5-6BEF-32EB-AEDE-A693440090B6}.profile|x64.Build.0 = profile|x64
		{361EC7F5-6BEF-32EB-AEDE-A693440090B6}.profile|x86.ActiveCfg = profile|x64
		{361EC7F5-6BEF-32EB-AEDE-A693440090B6}.profile|x86.Build.0 = profile|x64
		{361EC7F5-6BEF-32EB-AEDE-A693440090B6}.Release|x64.ActiveCfg = release|x64
		{361EC7F5-6BEF-32EB-AEDE-A693440090B6}.Release|x64.Build.0 = release|x64
		{361EC7F5-6BEF-32EB-AEDE-A693440090B6}.Release|x86.ActiveCfg = release|x64
		{361EC7F5-6BEF-32EB-AEDE-A693440090B6}.Release|x86.Build.0 = release|x64
		{E9AFD77F-7049-3686-8578-92770FE313D9}.checked|x64.ActiveCfg = checked|x64
		{E9AFD77F-7049-3686-8578-92770FE313D9}.checked|x64.Build.0 = checked|x64
		{E9AFD77F-7049-3686-8578-92770FE313D9}.checked|x86.ActiveCfg = checked|x64
		{E9AFD77F-7049-3686-8578-92770FE313D9}.checked|x86.Build.0 = checked|x64
		{E9AFD77F-7049-3686-8578-92770FE313D9}.Debug|x64.ActiveCfg = debug|x64
		{E9AFD77F-7049-3686-8578-92770FE313D9}.Debug|x64.Build.0 = debug|x64
		{E9AFD77F-7049-3686-8578-92770FE313D9}.Debug|x86.ActiveCfg = debug|x64
		{E9AFD77F-7049-3686-8578-92770FE313D9}.Debug|x86.Build.0 = debug|x64
		{E9AFD77F-7049-3686-8578-92770FE313D9}.profile|x64.ActiveCfg = profile|x64
		{E9AFD77F-7049-3686-8578-92770FE313D9}.profile|x64.Build.0 = profile|x64
		{E9AFD77F-7049-3686-8578-92770FE313D9}.profile|x86.ActiveCfg = profile|x64
		{E9AFD77F-7049-3686-8578-92770FE313D9}.profile|x86.Build.0 = profile|x64
		{E9AFD77F-7049-3686-8578-92770FE313D9}.Release|x64.ActiveCfg = release|x64
		{E9AFD77F-7049-3686-8578-92770FE313D9}.Release|x64.Build.0 = release|x64
		{E9AFD77F-7049-3686-8578-92770FE313D9}.Release|x86.ActiveCfg = release|x64
		{E9AFD77F-7049-3686-8578-92770FE313D9}.Release|x86.Build.0 = release|x64
		{478DF678-210D-3C32-A704-0169B6F89667}.checked|x64.ActiveCfg = checked|x64
		{478DF678-210D-3C32-A704-0169B6F89667}.checked|x64.Build.0 = checked|x64
		{478DF678-210D-3C32-A704-0169B6F89667}.checked|x86.ActiveCfg = checked|x64
		{478DF678-210D-3C32-A704-0169B6F89667}.checked|x86.Build.0 = checked|x64
		{478DF678-210D-3C32-A704-0169B6F89667}.Debug|x64.ActiveCfg = debug|x64
		{478DF678-210D-3C32-A704-0169B6F89667}.Debug|x64.Build.0 = debug|x64
		{478DF678-210D-3C32-A704-0169B6F89667}.Debug|x86.ActiveCfg = debug|x64
		{478DF678-210D-3C32-A704-0169B6F89667}.Debug|x86.Build.0 = debug|x64
		{478DF678-210D-3C32-A704-0169B6F89667}.profile|x64.ActiveCfg = profile|x64
		{478DF678-210D-3C32-A704-0169B6F89667}.profile|x64.Build.0 = profile|x64
		{478DF678-210D-3C32-A704-0169B6F89667}.profile|x86.ActiveCfg = profile|x64
		{478DF678-210D-3C32-A704-0169B6F89667}.profile|x86.Build.0 = profile|x64
		{478DF678-210D-3C32-A704-0169B6F89667}.Release|x64.ActiveCfg = release|x64
		{478DF678-210D-3C32-A704-0169B6F89667}.Release|x64.Build.0 = release|x64
		{478DF678-210D-3C32-A704-0169B6F89667}.Release|x86.ActiveCfg = release|x64
		{478DF678-210D-3C32-A704-0169B6F89667}.Release|x86.Build.0 = release|x64
		{9D82DCB7-14BE-3D2F-ADAC-5E521197D3B6}.checked|x64.ActiveCfg = checked|x64
		{9D82DCB7-14BE-3D2F-ADAC-5E521197D3B6}.checked|x64.Build.0 = checked|x64
		{9D82DCB7-14BE-3D2F-ADAC-5E521197D3B6}.checked|x86.ActiveCfg = checked|x64
		{9D82DCB7-14BE-3D2F-ADAC-5E521197D3B6}.checked|x86.Build.0 = checked|x64
		{9D82DCB7-14BE-3D2F-ADAC-5E521197D3B6}.Debug|x64.ActiveCfg = debug|x64
		{9D82DCB7-14BE-3D2F-ADAC-5E521197D3B6}.Debug|x64.Build.0 = debug|x64
		{9D82DCB7-14BE-3D2F-ADAC-5E521197D3B6}.Debug|x86.ActiveCfg = debug|x64
		{9D82DCB7-14BE-3D2F-ADAC-5E521197D3B6}.Debug|x86.Build.0 = debug|x64
		{9D82DCB7-14BE-3D2F-ADAC-5E521197D3B6}.profile|x64.ActiveCfg = profile|x64
		{9D82DCB7-14BE-3D2F-ADAC-5E521197D3B6}.profile|x64.Build.0 = profile|x64
		{9D82DCB7-14BE-3D2F-ADAC-5E521197D3B6}.profile|x86.ActiveCfg = profile|x64
		{9D82DCB7-14BE-3D2F-ADAC-5E521197D3B6}.profile|x86.Build.0 = profile|x64
		{9D82DCB7-14BE-3D2F-ADAC-5E521197D3B6}.Release|x64.ActiveCfg = release|x64
		{9D82DCB7-14BE-3D2F-ADAC-5E521197D3B6}.Release|x64.Build.0 = release|x64
		{9D82DCB7-14BE-3D2F-ADAC-5E521197D3B6}.Release|x86.ActiveCfg = release|x64
		{9D82DCB7-14BE-3D2F-ADAC-5E521197D3B6}.Release|x86.Build.0 = release|x64
		{149DF25F-1E80-3B4C-B655-397EFC644673}.checked|x64.ActiveCfg = checked|x64
		{149DF25F-1E80-3B4C-B655-397EFC644673}.checked|x64.Build.0 = checked|x64
		{149DF25F-1E80-3B4C-B655-397EFC644673}.checked|x86.ActiveCfg = checked|x64
		{149DF25F-1E80-3B4C-B655-397EFC644673}.checked|x86.Build.0 = checked|x64
		{149DF25F-1E80-3B4C-B655-397EFC644673}.Debug|x64.ActiveCfg = debug|x64
		{149DF25F-1E80-3B4C-B655-397EFC644673}.Debug|x64.Build.0 = debug|x64
		{149DF25F-1E80-3B4C-B655-397EFC644673}.Debug|x86.ActiveCfg = debug|x64
		{149DF25F-1E80-3B4C-B655-397EFC644673}.Debug|x86.Build.0 = debug|x64
		{149DF25F-1E80-3B4C-B655-397EFC644673}.profile|x64.ActiveCfg = profile|x64
		{149DF25F-1E80-3B4C-B655-397EFC644673}.profile|x64.Build.0 = profile|x64
		{149DF25F-1E80-3B4C-B655-397EFC644673}.profile|x86.ActiveCfg = profile|x64
		{149DF25F-1E80-3B4C-B655-397EFC644673}.profile|x86.Build.0 = profile|x64
		{149DF25F-1E80-3B4C-B655-397EFC644673}.Release|x64.ActiveCfg = release|x64
		{149DF25F-1E80-3B4C-B655-397EFC644673}.Release|x64.Build.0 = release|x64
		{149DF25F-1E80-3B4C-B655-397EFC644673}.Release|x86.ActiveCfg = release|x64
		{149DF25F-1E80-3B4C-B655-397EFC644673}.Release|x86.Build.0 = release|x64
		{10E0E127-D4D2-390D-94C4-A6502FE67F55}.checked|x64.ActiveCfg = checked|x64
		{10E0E127-D4D2-390D-94C4-A6502FE67F55}.checked|x64.Build.0 = checked|x64
		{10E0E127-D4D2-390D-94C4-A6502FE67F55}.checked|x86.ActiveCfg = checked|x64
		{10E0E127-D4D2-390D-94C4-A6502FE67F55}.checked|x86.Build.0 = checked|x64
		{10E0E127-D4D2-390D-94C4-A6502FE67F55}.Debug|x64.ActiveCfg = debug|x64
		{10E0E127-D4D2-390D-94C4-A6502FE67F55}.Debug|x64.Build.0 = debug|x64
		{10E0E127-D4D2-390D-94C4-A6502FE67F55}.Debug|x86.ActiveCfg = debug|x64
		{10E0E127-D4D2-390D-94C4-A6502FE67F55}.Debug|x86.Build.0 = debug|x64
		{10E0E127-D4D2-390D-94C4-A6502FE67F55}.profile|x64.ActiveCfg = profile|x64
		{10E0E127-D4D2-390D-94C4-A6502FE67F55}.profile|x64.Build.0 = profile|x64
		{10E0E127-D4D2-390D-94C4-A6502FE67F55}.profile|x86.ActiveCfg = profile|x64
		{10E0E127-D4D2-390D-94C4-A6502FE67F55}.profile|x86.Build.0 = profile|x64
		{10E0E127-D4D2-390D-94C4-A6502FE67F55}.Release|x64.ActiveCfg = release|x64
		{10E0E127-D4D2-390D-94C4-A6502FE67F55}.Release|x64.Build.0 = release|x64
		{10E0E127-D4D2-390D-94C4-A6502FE67F55}.Release|x86.ActiveCfg = release|x64
		{10E0E127-D4D2-390D-94C4-A6502FE67F55}.Release|x86.Build.0 = release|x64
		{8EAF4B0A-144B-3076-9131-26753841A8C9}.checked|x64.ActiveCfg = checked|x64
		{8EAF4B0A-144B-3076-9131-26753841A8C9}.checked|x64.Build.0 = checked|x64
		{8EAF4B0A-144B-3076-9131-26753841A8C9}.checked|x86.ActiveCfg = checked|x64
		{8EAF4B0A-144B-3076-9131-26753841A8C9}.checked|x86.Build.0 = checked|x64
		{8EAF4B0A-144B-3076-9131-26753841A8C9}.Debug|x64.ActiveCfg = debug|x64
		{8EAF4B0A-144B-3076-9131-26753841A8C9}.Debug|x64.Build.0 = debug|x64
		{8EAF4B0A-144B-3076-9131-26753841A8C9}.Debug|x86.ActiveCfg = debug|x64
		{8EAF4B0A-144B-3076-9131-26753841A8C9}.Debug|x86.Build.0 = debug|x64
		{8EAF4B0A-144B-3076-9131-26753841A8C9}.profile|x64.ActiveCfg = profile|x64
		{8EAF4B0A-144B-3076-9131-26753841A8C9}.profile|x64.Build.0 = profile|x64
		{8EAF4B0A-144B-3076-9131-26753841A8C9}.profile|x86.ActiveCfg = profile|x64
		{8EAF4B0A-144B-3076-9131-26753841A8C9}.profile|x86.Build.0 = profile|x64
		{8EAF4B0A-144B-3076-9131-26753841A8C9}.Release|x64.ActiveCfg = release|x64
		{8EAF4B0A-144B-3076-9131-26753841A8C9}.Release|x64.Build.0 = release|x64
		{8EAF4B0A-144B-3076-9131-26753841A8C9}.Release|x86.ActiveCfg = release|x64
		{8EAF4B0A-144B-3076-9131-26753841A8C9}.Release|x86.Build.0 = release|x64
		{2F06D804-2603-340C-9AE2-79CDF08E3F2F}.checked|x64.ActiveCfg = checked|x64
		{2F06D804-2603-340C-9AE2-79CDF08E3F2F}.checked|x64.Build.0 = checked|x64
		{2F06D804-2603-340C-9AE2-79CDF08E3F2F}.checked|x86.ActiveCfg = checked|x64
		{2F06D804-2603-340C-9AE2-79CDF08E3F2F}.checked|x86.Build.0 = checked|x64
		{2F06D804-2603-340C-9AE2-79CDF08E3F2F}.Debug|x64.ActiveCfg = debug|x64
		{2F06D804-2603-340C-9AE2-79CDF08E3F2F}.Debug|x64.Build.0 = debug|x64
		{2F06D804-2603-340C-9AE2-79CDF08E3F2F}.Debug|x86.ActiveCfg = debug|x64
		{2F06D804-2603-340C-9AE2-79CDF08E3F2F}.Debug|x86.Build.0 = debug|x64
		{2F06D804-2603-340C-9AE2-79CDF08E3F2F}.profile|x64.ActiveCfg = profile|x64
		{2F06D804-2603-340C-9AE2-79CDF08E3F2F}.profile|x64.Build.0 = profile|x64
		{2F06D804-2603-340C-9AE2-79CDF08E3F2F}.profile|x86.ActiveCfg = profile|x64
		{2F06D804-2603-340C-9AE2-79CDF08E3F2F}.profile|x86.Build.0 = profile|x64
		{2F06D804-2603-340C-9AE2-79CDF08E3F2F}.Release|x64.ActiveCfg = release|x64
		{2F06D804-2603-340C-9AE2-79CDF08E3F2F}.Release|x64.Build.0 = release|x64
		{2F06D804-2603-340C-9AE2-79CDF08E3F2F}.Release|x86.ActiveCfg = release|x64
		{2F06D804-2603-340C-9AE2-79CDF08E3F2F}.Release|x86.Build.0 = release|x64
		{E079F69E-A1D4-3930-A8B4-0A3C62E1DBEF}.checked|x64.ActiveCfg = checked|x64
		{E079F69E-A1D4-3930-A8B4-0A3C62E1DBEF}.checked|x64.Build.0 = checked|x64
		{E079F69E-A1D4-3930-A8B4-0A3C62E1DBEF}.checked|x86.ActiveCfg = checked|x64
		{E079F69E-A1D4-3930-A8B4-0A3C62E1DBEF}.checked|x86.Build.0 = checked|x64
		{E079F69E-A1D4-3930-A8B4-0A3C62E1DBEF}.Debug|x64.ActiveCfg = debug|x64
		{E079F69E-A1D4-3930-A8B4-0A3C62E1DBEF}.Debug|x64.Build.0 = debug|x64
		{E079F69E-A1D4-3930-A8B4-0A3C62E1DBEF}.Debug|x86.ActiveCfg = debug|x64
		{E079F69E-A1D4-3930-A8B4-0A3C62E1DBEF}.Debug|x86.Build.0 = debug|x64
		{E079F69E-A1D4-3930-A8B4-0A3C62E1DBEF}.profile|x64.ActiveCfg = profile|x64
		{E079F69E-A1D4-3930-A8B4-0A3C62E1DBEF}.profile|x64.Build.0 = profile|x64
		{E079F69E-A1D4-3930-A8B4-0A3C62E1DBEF}.profile|x86.ActiveCfg = profile|x64
		{E079F69E-A1D4-3930-A8B4-0A3C62E1DBEF}.profile|x86.Build.0 = profile|x64
		{E079F69E-A1D4-3930-A8B4-0A3C62E1DBEF}.Release|x64.ActiveCfg = release|x64
		{E079F69E-A1D4-3930-A8B4-0A3C62E1DBEF}.Release|x64.Build.0 = release|x64
		{E079F69E-A1D4-3930-A8B4-0A3C62E1DBEF}.Release|x86.ActiveCfg = release|x64
		{E079F69E-A1D4-3930-A8B4-0A3C62E1DBEF}.Release|x86.Build.0 = release|x64
		{6F142B8C-4525-3EB4-AF00-117221B43F47}.checked|x64.ActiveCfg = checked|x64
		{6F142B8C-4525-3EB4-AF00-117221B43F47}.checked|x64.Build.0 = checked|x64
		{6F142B8C-4525-3EB4-AF00-117221B43F47}.checked|x86.ActiveCfg = checked|x64
		{6F142B8C-4525-3EB4-AF00-117221B43F47}.checked|x86.Build.0 = checked|x64
		{6F142B8C-4525-3EB4-AF00-117221B43F47}.Debug|x64.ActiveCfg = debug|x64
		{6F142B8C-4525-3EB4-AF00-117221B43F47}.Debug|x64.Build.0 = debug|x64
		{6F142B8C-4525-3EB4-AF00-117221B43F47}.Debug|x86.ActiveCfg = debug|x64
		{6F142B8C-4525-3EB4-AF00-117221B43F47}.Debug|x86.Build.0 = debug|x64
		{6F142B8C-4525-3EB4-AF00-117221B43F47}.profile|x64.ActiveCfg = profile|x64
		{6F142B8C-4525-3EB4-AF00-117221B43F47}.profile|x64.Build.0 = profile|x64
		{6F142B8C-4525-3EB4-AF00-117221B43F47}.profile|x86.ActiveCfg = profile|x64
		{6F142B8C-4525-3EB4-AF00-117221B43F47}.profile|x86.Build.0 = profile|x64
		{6F142B8C-4525-3EB4-AF00-117221B43F47}.Release|x64.ActiveCfg = release|x64
		{6F142B8C-4525-3EB4-AF00-117221B43F47}.Release|x64.Build.0 = release|x64
		{6F142B8C-4525-3EB4-AF00-117221B43F47}.Release|x86.ActiveCfg = release|x64
		{6F142B8C-4525-3EB4-AF00-117221B43F47}.Release|x86.Build.0 = release|x64
		{367FBC5B-9428-3424-B9C8-0FD94119C978}.checked|x64.ActiveCfg = checked|x64
		{367FBC5B-9428-3424-B9C8-0FD94119C978}.checked|x64.Build.0 = checked|x64
		{367FBC5B-9428-3424-B9C8-0FD94119C978}.checked|x86.ActiveCfg = checked|x64
		{367FBC5B-9428-3424-B9C8-0FD94119C978}.checked|x86.Build.0 = checked|x64
		{367FBC5B-9428-3424-B9C8-0FD94119C978}.Debug|x64.ActiveCfg = debug|x64
		{367FBC5B-9428-3424-B9C8-0FD94119C978}.Debug|x64.Build.0 = debug|x64
		{367FBC5B-9428-3424-B9C8-0FD94119C978}.Debug|x86.ActiveCfg = debug|x64
		{367FBC5B-9428-3424-B9C8-0FD94119C978}.Debug|x86.Build.0 = debug|x64
		{367FBC5B-9428-3424-B9C8-0FD94119C978}.profile|x64.ActiveCfg = profile|x64
		{367FBC5B-9428-3424-B9C8-0FD94119C978}.profile|x64.Build.0 = profile|x64
		{367FBC5B-9428-3424-B9C8-0FD94119C978}.profile|x86.ActiveCfg = profile|x64
		{367FBC5B-9428-3424-B9C8-0FD94119C978}.profile|x86.Build.0 = profile|x64
		{367FBC5B-9428-3424-B9C8-0FD94119C978}.Release|x64.ActiveCfg = release|x64
		{367FBC5B-9428-3424-B9C8-0FD94119C978}.Release|x64.Build.0 = release|x64
		{367FBC5B-9428-3424-B9C8-0FD94119C978}.Release|x86.ActiveCfg = release|x64
		{367FBC5B-9428-3424-B9C8-0FD94119C978}.Release|x86.Build.0 = release|x64
		{E1A500F0-4374-3714-A5DF-D83766438287}.checked|x64.ActiveCfg = checked|x64
		{E1A500F0-4374-3714-A5DF-D83766438287}.checked|x64.Build.0 = checked|x64
		{E1A500F0-4374-3714-A5DF-D83766438287}.checked|x86.ActiveCfg = checked|x64
		{E1A500F0-4374-3714-A5DF-D83766438287}.checked|x86.Build.0 = checked|x64
		{E1A500F0-4374-3714-A5DF-D83766438287}.Debug|x64.ActiveCfg = debug|x64
		{E1A500F0-4374-3714-A5DF-D83766438287}.Debug|x64.Build.0 = debug|x64
		{E1A500F0-4374-3714-A5DF-D83766438287}.Debug|x86.ActiveCfg = debug|x64
		{E1A500F0-4374-3714-A5DF-D83766438287}.Debug|x86.Build.0 = debug|x64
		{E1A500F0-4374-3714-A5DF-D83766438287}.profile|x64.ActiveCfg = profile|x64
		{E1A500F0-4374-3714-A5DF-D83766438287}.profile|x64.Build.0 = profile|x64
		{E1A500F0-4374-3714-A5DF-D83766438287}.profile|x86.ActiveCfg = profile|x64
		{E1A500F0-4374-3714-A5DF-D83766438287}.profile|x86.Build.0 = profile|x64
		{E1A500F0-4374-3714-A5DF-D83766438287}.Release|x64.ActiveCfg = release|x64
		{E1A500F0-4374-3714-A5DF-D83766438287}.Release|x64.Build.0 = release|x64
		{E1A500F0-4374-3714-A5DF-D83766438287}.Release|x86.ActiveCfg = release|x64
		{E1A500F0-4374-3714-A5DF-D83766438287}.Release|x86.Build.0 = release|x64
		{D1CA3CA2-11FA-3B85-8257-2AB082A77D48}.checked|x64.ActiveCfg = checked|x64
		{D1CA3CA2-11FA-3B85-8257-2AB082A77D48}.checked|x64.Build.0 = checked|x64
		{D1CA3CA2-11FA-3B85-8257-2AB082A77D48}.checked|x86.ActiveCfg = checked|x64
		{D1CA3CA2-11FA-3B85-8257-2AB082A77D48}.checked|x86.Build.0 = checked|x64
		{D1CA3CA2-11FA-3B85-8257-2AB082A77D48}.Debug|x64.ActiveCfg = debug|x64
		{D1CA3CA2-11FA-3B85-8257-2AB082A77D48}.Debug|x64.Build.0 = debug|x64
		{D1CA3CA2-11FA-3B85-8257-2AB082A77D48}.Debug|x86.ActiveCfg = debug|x64
		{D1CA3CA2-11FA-3B85-8257-2AB082A77D48}.Debug|x86.Build.0 = debug|x64
		{D1CA3CA2-11FA-3B85-8257-2AB082A77D48}.profile|x64.ActiveCfg = profile|x64
		{D1CA3CA2-11FA-3B85-8257-2AB082A77D48}.profile|x64.Build.0 = profile|x64
		{D1CA3CA2-11FA-3B85-8257-2AB082A77D48}.profile|x86.ActiveCfg = profile|x64
		{D1CA3CA2-11FA-3B85-8257-2AB082A77D48}.profile|x86.Build.0 = profile|x64
		{D1CA3CA2-11FA-3B85-8257-2AB082A77D48}.Release|x64.ActiveCfg = release|x64
		{D1CA3CA2-11FA-3B85-8257-2AB082A77D48}.Release|x64.Build.0 = release|x64
		{D1CA3CA2-11FA-3B85-8257-2AB082A77D48}.Release|x86.ActiveCfg = release|x64
		{D1CA3CA2-11FA-3B85-8257-2AB082A77D48}.Release|x86.Build.0 = release|x64
		{43FA86A3-905C-3EAC-A73B-D690881D45FD}.checked|x64.ActiveCfg = checked|x64
		{43FA86A3-905C-3EAC-A73B-D690881D45FD}.checked|x64.Build.0 = checked|x64
		{43FA86A3-905C-3EAC-A73B-D690881D45FD}.checked|x86.ActiveCfg = checked|x64
		{43FA86A3-905C-3EAC-A73B-D690881D45FD}.checked|x86.Build.0 = checked|x64
		{43FA86A3-905C-3EAC-A73B-D690881D45FD}.Debug|x64.ActiveCfg = debug|x64
		{43FA86A3-905C-3EAC-A73B-D690881D45FD}.Debug|x64.Build.0 = debug|x64
		{43FA86A3-905C-3EAC-A73B-D690881D45FD}.Debug|x86.ActiveCfg = debug|x64
		{43FA86A3-905C-3EAC-A73B-D690881D45FD}.Debug|x86.Build.0 = debug|x64
		{43FA86A3-905C-3EAC-A73B-D690881D45FD}.profile|x64.ActiveCfg = profile|x64
		{43FA86A3-905C-3EAC-A73B-D690881D45FD}.profile|x64.Build.0 = profile|x64
		{43FA86A3-905C-3EAC-A73B-D690881D45FD}.profile|x86.ActiveCfg = profile|x64
		{43FA86A3-905C-3EAC-A73B-D690881D45FD}.profile|x86.Build.0 = profile|x64
		{43FA86A3-905C-3EAC-A73B-D690881D45FD}.Release|x64.ActiveCfg = release|x64
		{43FA86A3-905C-3EAC-A73B-D690881D45FD}.Release|x64.Build.0 = release|x64
		{43FA86A3-905C-3EAC-A73B-D690881D45FD}.Release|x86.ActiveCfg = release|x64
		{43FA86A3-905C-3EAC-A73B-D690881D45FD}.Release|x86.Build.0 = release|x64
		{B0069599-5C8D-36A7-A5DD-3EBCB0F059A3}.checked|x64.ActiveCfg = checked|x64
		{B0069599-5C8D-36A7-A5DD-3EBCB0F059A3}.checked|x64.Build.0 = checked|x64
		{B0069599-5C8D-36A7-A5DD-3EBCB0F059A3}.checked|x86.ActiveCfg = checked|x64
		{B0069599-5C8D-36A7-A5DD-3EBCB0F059A3}.checked|x86.Build.0 = checked|x64
		{B0069599-5C8D-36A7-A5DD-3EBCB0F059A3}.Debug|x64.ActiveCfg = debug|x64
		{B0069599-5C8D-36A7-A5DD-3EBCB0F059A3}.Debug|x64.Build.0 = debug|x64
		{B0069599-5C8D-36A7-A5DD-3EBCB0F059A3}.Debug|x86.ActiveCfg = debug|x64
		{B0069599-5C8D-36A7-A5DD-3EBCB0F059A3}.Debug|x86.Build.0 = debug|x64
		{B0069599-5C8D-36A7-A5DD-3EBCB0F059A3}.profile|x64.ActiveCfg = profile|x64
		{B0069599-5C8D-36A7-A5DD-3EBCB0F059A3}.profile|x64.Build.0 = profile|x64
		{B0069599-5C8D-36A7-A5DD-3EBCB0F059A3}.profile|x86.ActiveCfg = profile|x64
		{B0069599-5C8D-36A7-A5DD-3EBCB0F059A3}.profile|x86.Build.0 = profile|x64
		{B0069599-5C8D-36A7-A5DD-3EBCB0F059A3}.Release|x64.ActiveCfg = release|x64
		{B0069599-5C8D-36A7-A5DD-3EBCB0F059A3}.Release|x64.Build.0 = release|x64
		{B0069599-5C8D-36A7-A5DD-3EBCB0F059A3}.Release|x86.ActiveCfg = release|x64
		{B0069599-5C8D-36A7-A5DD-3EBCB0F059A3}.Release|x86.Build.0 = release|x64
	EndGlobalSection
	GlobalSection(SolutionProperties) = preSolution
		HideSolutionNode = FALSE
	EndGlobalSection
	GlobalSection(NestedProjects) = preSolution
		{75BE9C37-A153-4BC1-A3B4-9FC0951F9DF1} = {CC906E5F-F8E5-42FD-97F0-734DC2B4D285}
		{0D143CBD-F9FD-4345-ACAB-083421FC48DE} = {3D4A0B55-3D4F-4EB3-9E9D-C2AA27F5A407}
		{688CB3C2-7CC3-4E51-B028-9614041DA912} = {F7C569C3-F21F-41F5-A916-549B7DE31FFD}
		{33315545-4554-4677-8527-7C61BEDA9CF4} = {2C7BCBEF-884E-4C57-896C-C655EFE271AC}
		{056025FA-EE6B-4D5A-A2F0-CA4FC17C0C6E} = {F7C569C3-F21F-41F5-A916-549B7DE31FFD}
		{97E24DD6-9434-3D18-A5D7-0CBEC9BA62CC} = {8E74F4B7-BD04-44D9-A6BB-5E914691B785}
		{361EC7F5-6BEF-32EB-AEDE-A693440090B6} = {8E74F4B7-BD04-44D9-A6BB-5E914691B785}
		{E9AFD77F-7049-3686-8578-92770FE313D9} = {8E74F4B7-BD04-44D9-A6BB-5E914691B785}
		{478DF678-210D-3C32-A704-0169B6F89667} = {8E74F4B7-BD04-44D9-A6BB-5E914691B785}
		{9D82DCB7-14BE-3D2F-ADAC-5E521197D3B6} = {8E74F4B7-BD04-44D9-A6BB-5E914691B785}
		{149DF25F-1E80-3B4C-B655-397EFC644673} = {8E74F4B7-BD04-44D9-A6BB-5E914691B785}
		{10E0E127-D4D2-390D-94C4-A6502FE67F55} = {8E74F4B7-BD04-44D9-A6BB-5E914691B785}
		{8EAF4B0A-144B-3076-9131-26753841A8C9} = {8E74F4B7-BD04-44D9-A6BB-5E914691B785}
		{2F06D804-2603-340C-9AE2-79CDF08E3F2F} = {8E74F4B7-BD04-44D9-A6BB-5E914691B785}
		{E079F69E-A1D4-3930-A8B4-0A3C62E1DBEF} = {8E74F4B7-BD04-44D9-A6BB-5E914691B785}
		{6F142B8C-4525-3EB4-AF00-117221B43F47} = {8E74F4B7-BD04-44D9-A6BB-5E914691B785}
		{367FBC5B-9428-3424-B9C8-0FD94119C978} = {8E74F4B7-BD04-44D9-A6BB-5E914691B785}
		{E1A500F0-4374-3714-A5DF-D83766438287} = {8E74F4B7-BD04-44D9-A6BB-5E914691B785}
		{D1CA3CA2-11FA-3B85-8257-2AB082A77D48} = {8E74F4B7-BD04-44D9-A6BB-5E914691B785}
		{43FA86A3-905C-3EAC-A73B-D690881D45FD} = {8E74F4B7-BD04-44D9-A6BB-5E914691B785}
		{B0069599-5C8D-36A7-A5DD-3EBCB0F059A3} = {A19F1E2E-CB93-47C5-87F2-A539B80AFED8}
	EndGlobalSection
	GlobalSection(ExtensibilityGlobals) = postSolution
		SolutionGuid = {2150F8C1-24BE-47FD-818B-EEB13CF9E70B}
	EndGlobalSection
EndGlobal
