<?xml version="1.0" encoding="utf-8"?>
<Project ToolsVersion="4.0" xmlns="http://schemas.microsoft.com/developer/msbuild/2003">
  <ItemGroup>
    <Filter Include="00_Core">
      <UniqueIdentifier>{eee3c248-3814-48af-b1f4-f221fa7a0ee6}</UniqueIdentifier>
    </Filter>
    <Filter Include="01_Level">
      <UniqueIdentifier>{690362c5-9421-4d50-89d9-ed74a9d5f1a2}</UniqueIdentifier>
    </Filter>
    <Filter Include="02_Actor">
      <UniqueIdentifier>{f1bcfd31-d83d-4641-8839-3f0d9292cc76}</UniqueIdentifier>
    </Filter>
    <Filter Include="02_Actor\UIActor">
      <UniqueIdentifier>{8b26083d-d910-4336-b3ce-cffe8dafa495}</UniqueIdentifier>
    </Filter>
    <Filter Include="02_Actor\UIActor\LoadingActors">
      <UniqueIdentifier>{627f84ff-59a8-49d9-9865-1d2bc14aee3e}</UniqueIdentifier>
    </Filter>
    <Filter Include="99_Global">
      <UniqueIdentifier>{70654044-cd92-4264-ad92-d76b2da59c05}</UniqueIdentifier>
    </Filter>
    <Filter Include="98_LevelGUI">
      <UniqueIdentifier>{b39fca88-0430-4b47-a91a-8a89b0768235}</UniqueIdentifier>
    </Filter>
    <Filter Include="03_Component">
      <UniqueIdentifier>{fc00bb27-b45d-432a-8915-78d2c5244515}</UniqueIdentifier>
    </Filter>
    <Filter Include="97_Physics">
      <UniqueIdentifier>{605485fb-b3fc-46ec-acf2-a794a154b56c}</UniqueIdentifier>
    </Filter>
    <Filter Include="99_PreCompile">
      <UniqueIdentifier>{439c0504-814e-4f90-8507-3f4dacd0226c}</UniqueIdentifier>
    </Filter>
    <Filter Include="999_Test">
      <UniqueIdentifier>{5c35f4c3-adbf-45e8-b046-95b2083bc4d8}</UniqueIdentifier>
    </Filter>
    <Filter Include="999_Test\TestLevel">
      <UniqueIdentifier>{b171e177-3cfd-4ddf-8e97-3e776c15c500}</UniqueIdentifier>
    </Filter>
    <Filter Include="999_Test\TestActor">
      <UniqueIdentifier>{f721755f-af75-44c6-bd5a-70b518ac9275}</UniqueIdentifier>
    </Filter>
    <Filter Include="999_Test\TestActor\PhysicCustom">
      <UniqueIdentifier>{5c3e6137-6493-450a-a18c-33c4b725650f}</UniqueIdentifier>
    </Filter>
    <Filter Include="02_Actor\MapEditorActor">
      <UniqueIdentifier>{9ffe7f16-387b-4903-a5fb-f994f68e6944}</UniqueIdentifier>
    </Filter>
    <Filter Include="999_Test\TestComponent">
      <UniqueIdentifier>{deabbac1-ddd2-46a3-9580-eb08f5c2c210}</UniqueIdentifier>
    </Filter>
    <Filter Include="999_Test\TestComponent\TestPhysX">
      <UniqueIdentifier>{f2d18f40-f3b8-40bd-8cea-eab2ea5bb6ca}</UniqueIdentifier>
    </Filter>
    <Filter Include="02_Actor\UIActor\InGameUI">
      <UniqueIdentifier>{5c680959-11ae-41e0-b570-c7bc5e857171}</UniqueIdentifier>
    </Filter>
    <Filter Include="999_Test\TestActor\CameraTest">
      <UniqueIdentifier>{8a75dd40-cfa2-4a2a-be3e-2623724a96da}</UniqueIdentifier>
    </Filter>
    <Filter Include="999_Test\PhysXTest">
      <UniqueIdentifier>{121ebdec-8c0f-47f6-aca6-2b414247d4eb}</UniqueIdentifier>
    </Filter>
    <Filter Include="999_Test\PhysXTest\Level">
      <UniqueIdentifier>{0487190e-719b-43cb-87a3-ccf99cfce636}</UniqueIdentifier>
    </Filter>
    <Filter Include="999_Test\PhysXTest\Actor">
      <UniqueIdentifier>{22697330-775d-4bd0-ab2c-dfc8ba87c337}</UniqueIdentifier>
    </Filter>
    <Filter Include="999_Test\PhysXTest\Actor\CCT">
      <UniqueIdentifier>{8fbaf3f4-f78c-401b-adca-3e9f0693b080}</UniqueIdentifier>
    </Filter>
    <Filter Include="02_Actor\PhysXActor">
      <UniqueIdentifier>{5d3b5f64-c28d-412c-b934-2dfabcbfd98a}</UniqueIdentifier>
    </Filter>
    <Filter Include="02_Actor\TestActor">
      <UniqueIdentifier>{2da968e8-d512-4a34-ae99-e7d17d5d04ca}</UniqueIdentifier>
    </Filter>
    <Filter Include="02_Actor\MapEditorActor\AxisMove">
      <UniqueIdentifier>{2a8ce72d-4bbc-42f9-bd6a-01d6d556ea36}</UniqueIdentifier>
    </Filter>
    <Filter Include="02_Actor\MapEditorActor\AxisRotate">
      <UniqueIdentifier>{b20c84d9-0fda-4d76-a3c3-785e0b894d79}</UniqueIdentifier>
    </Filter>
    <Filter Include="990_Tutorial">
      <UniqueIdentifier>{bc618791-6fc6-4067-bdbb-3e502ece5a65}</UniqueIdentifier>
    </Filter>
    <Filter Include="990_Tutorial\PhysX">
      <UniqueIdentifier>{f76fde66-2f47-44df-b819-d80da5a78214}</UniqueIdentifier>
    </Filter>
    <Filter Include="990_Tutorial\PhysX\Level">
      <UniqueIdentifier>{9c1ac09e-3a63-46e8-b2ed-b6b9afa2a911}</UniqueIdentifier>
    </Filter>
    <Filter Include="990_Tutorial\PhysX\Actor">
      <UniqueIdentifier>{d5884fc9-782f-4097-8b87-576203e61199}</UniqueIdentifier>
    </Filter>
    <Filter Include="01_Level\PhysXLevel">
      <UniqueIdentifier>{f733993a-9854-4dfa-8003-ace94c262d65}</UniqueIdentifier>
    </Filter>
    <Filter Include="03_Component\PhysXComponent">
      <UniqueIdentifier>{ff59e6ba-08ec-478f-be7d-61ea8f1031cf}</UniqueIdentifier>
    </Filter>
    <Filter Include="990_Tutorial\Shader">
      <UniqueIdentifier>{84fe2d52-26f4-4dde-8639-367a2c8109db}</UniqueIdentifier>
    </Filter>
    <Filter Include="990_Tutorial\Shader\Level">
      <UniqueIdentifier>{ff8e81d4-1f1c-440c-bb51-ea16ba03faef}</UniqueIdentifier>
    </Filter>
    <Filter Include="990_Tutorial\Shader\Actor">
      <UniqueIdentifier>{0b497306-8f2b-4d47-8547-8f4814c88045}</UniqueIdentifier>
    </Filter>
    <Filter Include="02_Actor\UIActor\LobbyGUY">
      <UniqueIdentifier>{063d8bf5-5ad2-4aa9-bd9e-efbda0c32152}</UniqueIdentifier>
    </Filter>
    <Filter Include="02_Actor\UIActor\SetUI">
      <UniqueIdentifier>{a4b573c9-0efa-4e54-8f9b-3820a9096e0e}</UniqueIdentifier>
    </Filter>
    <Filter Include="02_Actor\UIActor\SetUI\Lobby">
      <UniqueIdentifier>{917ac067-6f23-4337-927f-a287914b1527}</UniqueIdentifier>
    </Filter>
    <Filter Include="02_Actor\UIActor\SetUI\Title">
      <UniqueIdentifier>{af61b79a-ef35-4e17-8508-ef02e4f6320e}</UniqueIdentifier>
    </Filter>
    <Filter Include="02_Actor\UIActor\LobbyUIs">
      <UniqueIdentifier>{721478e9-1860-48d1-b593-776b6cf0088c}</UniqueIdentifier>
    </Filter>
    <Filter Include="01_Level\LoadingLevel">
      <UniqueIdentifier>{a0bba537-af56-423a-a553-740ba7c1721c}</UniqueIdentifier>
    </Filter>
    <Filter Include="01_Level\LobbyLevel">
      <UniqueIdentifier>{ad14e533-f803-4873-b51a-2c175be81aa0}</UniqueIdentifier>
    </Filter>
    <Filter Include="01_Level\TitleLevel">
      <UniqueIdentifier>{c7474571-0660-4538-9284-c8dc46956d19}</UniqueIdentifier>
    </Filter>
    <Filter Include="02_Actor\UIActor\SetUI\InGameUIs">
      <UniqueIdentifier>{636311b9-eb95-4e90-877e-562b74094274}</UniqueIdentifier>
    </Filter>
    <Filter Include="02_Actor\MapEditorActor\Axis">
      <UniqueIdentifier>{1bcbcb36-9fa2-4841-ae5a-e036fe466adf}</UniqueIdentifier>
    </Filter>
    <Filter Include="01_Level\Stage04_Hex-A-Gone">
      <UniqueIdentifier>{19790645-1ec0-40bb-ac30-d5486d3992f5}</UniqueIdentifier>
    </Filter>
    <Filter Include="999_Test\TestActor\EditorActor">
      <UniqueIdentifier>{d76cd897-70b0-4d72-995e-f7d60fae0cb4}</UniqueIdentifier>
    </Filter>
    <Filter Include="999_Test\TestActor\ScaleTestActor">
      <UniqueIdentifier>{dcfe50ac-cc8c-4c88-b5d5-71211e76ace9}</UniqueIdentifier>
    </Filter>
    <Filter Include="02_Actor\Stage04Actor">
      <UniqueIdentifier>{621f28cc-edfb-4ca0-a281-3c4dad8fbea1}</UniqueIdentifier>
    </Filter>
    <Filter Include="999_Test\TestActor\PlayerTest">
      <UniqueIdentifier>{6a067586-30fa-4f21-aed8-bea574287fb8}</UniqueIdentifier>
    </Filter>
    <Filter Include="04_PostEffect">
      <UniqueIdentifier>{4dd82d3c-4d1f-4b9c-953c-74c31010040f}</UniqueIdentifier>
    </Filter>
    <Filter Include="04_PostEffect\Effects">
      <UniqueIdentifier>{a4b85a6b-259b-4980-8b27-4f71fec85129}</UniqueIdentifier>
    </Filter>
  </ItemGroup>
  <ItemGroup>
    <ClInclude Include="ContentsCore.h">
      <Filter>00_Core</Filter>
    </ClInclude>
    <ClInclude Include="MapEditorLevel.h">
      <Filter>01_Level</Filter>
    </ClInclude>
    <ClInclude Include="ColorBox.h">
      <Filter>02_Actor\MapEditorActor</Filter>
    </ClInclude>
    <ClInclude Include="ActorPicker.h">
      <Filter>02_Actor\MapEditorActor</Filter>
    </ClInclude>
    <ClInclude Include="PickableActor.h">
      <Filter>02_Actor\MapEditorActor</Filter>
    </ClInclude>
    <ClInclude Include="GlobalValues.h">
      <Filter>99_Global</Filter>
    </ClInclude>
    <ClInclude Include="MapEditorGUI.h">
      <Filter>98_LevelGUI</Filter>
    </ClInclude>
    <ClInclude Include="TitleActor.h">
      <Filter>02_Actor\UIActor</Filter>
    </ClInclude>
    <ClInclude Include="PreCompile.h">
      <Filter>99_PreCompile</Filter>
    </ClInclude>
    <ClInclude Include="FontActor.h">
      <Filter>02_Actor\UIActor</Filter>
    </ClInclude>
    <ClInclude Include="NamePlate.h">
      <Filter>02_Actor\UIActor\LobbyUIs</Filter>
    </ClInclude>
    <ClInclude Include="NoneButton.h">
      <Filter>02_Actor\UIActor\LobbyUIs</Filter>
    </ClInclude>
    <ClInclude Include="NoneMoney.h">
      <Filter>02_Actor\UIActor\LobbyUIs</Filter>
    </ClInclude>
    <ClInclude Include="PlayButton.h">
      <Filter>02_Actor\UIActor\LobbyUIs</Filter>
    </ClInclude>
    <ClInclude Include="SelectShowButton.h">
      <Filter>02_Actor\UIActor\LobbyUIs</Filter>
    </ClInclude>
    <ClInclude Include="AxisActor.h">
      <Filter>02_Actor\MapEditorActor\AxisMove</Filter>
    </ClInclude>
    <ClInclude Include="TestActor_WaterPlane.h">
      <Filter>990_Tutorial\Shader\Actor</Filter>
    </ClInclude>
    <ClInclude Include="PhysicsObject.h">
      <Filter>97_Physics</Filter>
    </ClInclude>
    <ClInclude Include="PhysicsBase.h">
      <Filter>97_Physics</Filter>
    </ClInclude>
    <ClInclude Include="TopMenu.h">
      <Filter>02_Actor\UIActor\LobbyUIs</Filter>
    </ClInclude>
    <ClInclude Include="CrownCount.h">
      <Filter>02_Actor\UIActor\LobbyUIs</Filter>
    </ClInclude>
    <ClInclude Include="TestActor_Plane.h">
      <Filter>999_Test\TestActor\CameraTest</Filter>
    </ClInclude>
    <ClInclude Include="TestActor_Character.h">
      <Filter>999_Test\TestActor\CameraTest</Filter>
    </ClInclude>
    <ClInclude Include="CameraArm.h">
      <Filter>999_Test\TestActor\CameraTest</Filter>
    </ClInclude>
    <ClInclude Include="PlayableObject.h">
      <Filter>97_Physics</Filter>
    </ClInclude>
    <ClInclude Include="Cursor.h">
      <Filter>02_Actor\UIActor</Filter>
    </ClInclude>
    <ClInclude Include="LoadingActor.h">
      <Filter>02_Actor\UIActor\LoadingActors</Filter>
    </ClInclude>
    <ClInclude Include="CameraTestLevel.h">
      <Filter>999_Test\TestLevel</Filter>
    </ClInclude>
    <ClInclude Include="PhysicsTestLevel.h">
      <Filter>999_Test\TestLevel</Filter>
    </ClInclude>
    <ClInclude Include="TestBox.h">
      <Filter>999_Test\TestActor\PhysicCustom</Filter>
    </ClInclude>
    <ClInclude Include="TestGround.h">
      <Filter>999_Test\TestActor\PhysicCustom</Filter>
    </ClInclude>
    <ClInclude Include="TestPlayer.h">
      <Filter>999_Test\TestActor\PhysicCustom</Filter>
    </ClInclude>
    <ClInclude Include="TestWall.h">
      <Filter>999_Test\TestActor\PhysicCustom</Filter>
    </ClInclude>
    <ClInclude Include="PhysicXComponent.h">
      <Filter>999_Test\TestComponent\TestPhysX</Filter>
    </ClInclude>
    <ClInclude Include="CustomableGUI.h">
      <Filter>98_LevelGUI</Filter>
    </ClInclude>
    <ClInclude Include="PhysicXStackComponent.h">
      <Filter>999_Test\TestComponent\TestPhysX</Filter>
    </ClInclude>
    <ClInclude Include="LJM_PhysXHelloWorld.h">
      <Filter>999_Test\PhysXTest\Level</Filter>
    </ClInclude>
    <ClInclude Include="LJM_PhysXPlayerTest.h">
      <Filter>999_Test\PhysXTest\Level</Filter>
    </ClInclude>
    <ClInclude Include="PhysXTestBox.h">
      <Filter>999_Test\PhysXTest\Actor</Filter>
    </ClInclude>
    <ClInclude Include="PhysXTestPlayer.h">
      <Filter>999_Test\PhysXTest\Actor</Filter>
    </ClInclude>
    <ClInclude Include="PhysXTestStackBox.h">
      <Filter>999_Test\PhysXTest\Actor</Filter>
    </ClInclude>
    <ClInclude Include="PhysX\SampleAllocator.h">
      <Filter>999_Test\PhysXTest\Actor\CCT</Filter>
    </ClInclude>
    <ClInclude Include="StartGameTitleActor.h">
      <Filter>02_Actor\UIActor\InGameUI</Filter>
    </ClInclude>
    <ClInclude Include="GoalTipActor.h">
      <Filter>02_Actor\UIActor\InGameUI</Filter>
    </ClInclude>
    <ClInclude Include="CountDown.h">
      <Filter>02_Actor\UIActor\InGameUI</Filter>
    </ClInclude>
    <ClInclude Include="SampleCCTJump.h">
      <Filter>999_Test\PhysXTest\Actor\CCT</Filter>
    </ClInclude>
    <ClInclude Include="SuccessCount.h">
      <Filter>02_Actor\UIActor\InGameUI</Filter>
    </ClInclude>
    <ClInclude Include="GameSuccess.h">
      <Filter>02_Actor\UIActor\InGameUI</Filter>
    </ClInclude>
    <ClInclude Include="TestActor.h">
      <Filter>02_Actor\TestActor</Filter>
    </ClInclude>
    <ClInclude Include="RoundEnd.h">
      <Filter>02_Actor\UIActor\InGameUI</Filter>
    </ClInclude>
    <ClInclude Include="ConstantStringSet.h">
      <Filter>99_Global</Filter>
    </ClInclude>
    <ClInclude Include="AxisActorRot.h">
      <Filter>02_Actor\MapEditorActor\AxisRotate</Filter>
    </ClInclude>
    <ClInclude Include="PhysXBoxGeometryComponent.h">
      <Filter>03_Component\PhysXComponent</Filter>
    </ClInclude>
    <ClInclude Include="VirtualPhysXActor.h">
      <Filter>02_Actor\PhysXActor</Filter>
    </ClInclude>
    <ClInclude Include="LJM_PhysXBoxGeometryTest.h">
      <Filter>999_Test\PhysXTest\Level</Filter>
    </ClInclude>
    <ClInclude Include="PhysXLevel.h">
      <Filter>990_Tutorial\PhysX\Level</Filter>
    </ClInclude>
    <ClInclude Include="PhysXActor.h">
      <Filter>990_Tutorial\PhysX\Actor</Filter>
    </ClInclude>
    <ClInclude Include="VirtualPhysXLevel.h">
      <Filter>01_Level\PhysXLevel</Filter>
    </ClInclude>
    <ClInclude Include="PlayerActor.h">
      <Filter>02_Actor</Filter>
    </ClInclude>
    <ClInclude Include="ScaleTestLevel.h">
      <Filter>999_Test\TestLevel</Filter>
    </ClInclude>
    <ClInclude Include="GameManagerGUI.h">
      <Filter>98_LevelGUI</Filter>
    </ClInclude>
    <ClInclude Include="ShaderTutorialLevel.h">
      <Filter>990_Tutorial\Shader\Level</Filter>
    </ClInclude>
    <ClInclude Include="GameFail.h">
      <Filter>02_Actor\UIActor\InGameUI</Filter>
    </ClInclude>
    <ClInclude Include="LobbyPlayer.h">
      <Filter>02_Actor\UIActor\LobbyGUY</Filter>
    </ClInclude>
    <ClInclude Include="LobbySetUI.h">
      <Filter>02_Actor\UIActor\SetUI\Lobby</Filter>
    </ClInclude>
    <ClInclude Include="LoadingLevel.h">
      <Filter>01_Level\LoadingLevel</Filter>
    </ClInclude>
    <ClInclude Include="LobbyLevel.h">
      <Filter>01_Level\LobbyLevel</Filter>
    </ClInclude>
    <ClInclude Include="TitleLevel.h">
      <Filter>01_Level\TitleLevel</Filter>
    </ClInclude>
    <ClInclude Include="InGameSetUI.h">
      <Filter>02_Actor\UIActor\SetUI\InGameUIs</Filter>
    </ClInclude>
    <ClInclude Include="ActorAxis.h">
      <Filter>02_Actor\MapEditorActor\Axis</Filter>
    </ClInclude>
    <ClInclude Include="StageTestLevel.h">
      <Filter>999_Test\TestLevel</Filter>
    </ClInclude>
    <ClInclude Include="StageParentLevel.h">
      <Filter>01_Level</Filter>
    </ClInclude>
    <ClInclude Include="HexAGoneLevel.h">
      <Filter>01_Level\Stage04_Hex-A-Gone</Filter>
    </ClInclude>
    <ClInclude Include="PhysXPendulaComponent.h">
      <Filter>999_Test\TestComponent\TestPhysX</Filter>
    </ClInclude>
    <ClInclude Include="PhysXCCTActorComponent.h">
      <Filter>03_Component\PhysXComponent</Filter>
    </ClInclude>
    <ClInclude Include="PhysXDynamicActorComponent.h">
      <Filter>03_Component\PhysXComponent</Filter>
    </ClInclude>
    <ClInclude Include="TestMapActor.h">
      <Filter>999_Test\TestActor\EditorActor</Filter>
    </ClInclude>
    <ClInclude Include="TestRainBow.h">
      <Filter>999_Test\TestActor\EditorActor</Filter>
    </ClInclude>
    <ClInclude Include="TestFloor.h">
      <Filter>999_Test\TestActor\ScaleTestActor</Filter>
    </ClInclude>
    <ClInclude Include="TestWallActor.h">
      <Filter>999_Test\TestActor\ScaleTestActor</Filter>
    </ClInclude>
    <ClInclude Include="HexTile.h">
      <Filter>02_Actor\Stage04Actor</Filter>
    </ClInclude>
    <ClInclude Include="Hex_ProPeller.h">
      <Filter>02_Actor\Stage04Actor</Filter>
    </ClInclude>
    <ClInclude Include="Hex_BackGroundObject.h">
      <Filter>02_Actor\Stage04Actor</Filter>
    </ClInclude>
    <ClInclude Include="TestCharacterAnimation.h">
      <Filter>999_Test\TestActor\ScaleTestActor</Filter>
    </ClInclude>
    <ClInclude Include="PlayerTestActor.h">
      <Filter>999_Test\TestActor\PlayerTest</Filter>
    </ClInclude>
    <ClInclude Include="PlayerTestLevel.h">
      <Filter>999_Test\TestLevel</Filter>
    </ClInclude>
    <ClInclude Include="SkyboxActor.h">
      <Filter>999_Test\TestActor\CameraTest</Filter>
    </ClInclude>
    <ClInclude Include="PostEffect.h">
      <Filter>04_PostEffect</Filter>
    </ClInclude>
    <ClInclude Include="PostEffect_Bloom.h">
      <Filter>04_PostEffect\Effects</Filter>
    </ClInclude>
  </ItemGroup>
  <ItemGroup>
    <ClCompile Include="ContentsCore.cpp">
      <Filter>00_Core</Filter>
    </ClCompile>
    <ClCompile Include="MapEditorLevel.cpp">
      <Filter>01_Level</Filter>
    </ClCompile>
    <ClCompile Include="ColorBox.cpp">
      <Filter>02_Actor\MapEditorActor</Filter>
    </ClCompile>
    <ClCompile Include="ActorPicker.cpp">
      <Filter>02_Actor\MapEditorActor</Filter>
    </ClCompile>
    <ClCompile Include="PickableActor.cpp">
      <Filter>02_Actor\MapEditorActor</Filter>
    </ClCompile>
    <ClCompile Include="GlobalValues.cpp">
      <Filter>99_Global</Filter>
    </ClCompile>
    <ClCompile Include="MapEditorGUI.cpp">
      <Filter>98_LevelGUI</Filter>
    </ClCompile>
    <ClCompile Include="TitleActor.cpp">
      <Filter>02_Actor\UIActor</Filter>
    </ClCompile>
    <ClCompile Include="PreCompile.cpp">
      <Filter>99_PreCompile</Filter>
    </ClCompile>
    <ClCompile Include="FontActor.cpp">
      <Filter>02_Actor\UIActor</Filter>
    </ClCompile>
    <ClCompile Include="NamePlate.cpp">
      <Filter>02_Actor\UIActor\LobbyUIs</Filter>
    </ClCompile>
    <ClCompile Include="NoneButton.cpp">
      <Filter>02_Actor\UIActor\LobbyUIs</Filter>
    </ClCompile>
    <ClCompile Include="NoneMoney.cpp">
      <Filter>02_Actor\UIActor\LobbyUIs</Filter>
    </ClCompile>
    <ClCompile Include="PlayButton.cpp">
      <Filter>02_Actor\UIActor\LobbyUIs</Filter>
    </ClCompile>
    <ClCompile Include="SelectShowButton.cpp">
      <Filter>02_Actor\UIActor\LobbyUIs</Filter>
    </ClCompile>
    <ClCompile Include="AxisActor.cpp">
      <Filter>02_Actor\MapEditorActor\AxisMove</Filter>
    </ClCompile>
    <ClCompile Include="TopMenu.cpp">
      <Filter>02_Actor\UIActor\LobbyUIs</Filter>
    </ClCompile>
    <ClCompile Include="CrownCount.cpp">
      <Filter>02_Actor\UIActor\LobbyUIs</Filter>
    </ClCompile>
    <ClCompile Include="PhysicsObject.cpp">
      <Filter>97_Physics</Filter>
    </ClCompile>
    <ClCompile Include="PhysicsBase.cpp">
      <Filter>97_Physics</Filter>
    </ClCompile>
    <ClCompile Include="TestActor_Plane.cpp">
      <Filter>999_Test\TestActor\CameraTest</Filter>
    </ClCompile>
    <ClCompile Include="TestActor_WaterPlane.cpp">
      <Filter>990_Tutorial\Shader\Actor</Filter>
    </ClCompile>
    <ClCompile Include="TestActor_Character.cpp">
      <Filter>999_Test\TestActor\CameraTest</Filter>
    </ClCompile>
    <ClCompile Include="CameraArm.cpp">
      <Filter>999_Test\TestActor\CameraTest</Filter>
    </ClCompile>
    <ClCompile Include="Cursor.cpp">
      <Filter>02_Actor\UIActor</Filter>
    </ClCompile>
    <ClCompile Include="LoadingActor.cpp">
      <Filter>02_Actor\UIActor\LoadingActors</Filter>
    </ClCompile>
    <ClCompile Include="PlayableObject.cpp">
      <Filter>97_Physics</Filter>
    </ClCompile>
    <ClCompile Include="CameraTestLevel.cpp">
      <Filter>999_Test\TestLevel</Filter>
    </ClCompile>
    <ClCompile Include="PhysicsTestLevel.cpp">
      <Filter>999_Test\TestLevel</Filter>
    </ClCompile>
    <ClCompile Include="TestBox.cpp">
      <Filter>999_Test\TestActor\PhysicCustom</Filter>
    </ClCompile>
    <ClCompile Include="TestGround.cpp">
      <Filter>999_Test\TestActor\PhysicCustom</Filter>
    </ClCompile>
    <ClCompile Include="TestPlayer.cpp">
      <Filter>999_Test\TestActor\PhysicCustom</Filter>
    </ClCompile>
    <ClCompile Include="TestWall.cpp">
      <Filter>999_Test\TestActor\PhysicCustom</Filter>
    </ClCompile>
    <ClCompile Include="PhysicXComponent.cpp">
      <Filter>999_Test\TestComponent\TestPhysX</Filter>
    </ClCompile>
    <ClCompile Include="CustomableGUI.cpp">
      <Filter>98_LevelGUI</Filter>
    </ClCompile>
    <ClCompile Include="PhysicXStackComponent.cpp">
      <Filter>999_Test\TestComponent\TestPhysX</Filter>
    </ClCompile>
    <ClCompile Include="LJM_PhysXHelloWorld.cpp">
      <Filter>999_Test\PhysXTest\Level</Filter>
    </ClCompile>
    <ClCompile Include="LJM_PhysXPlayerTest.cpp">
      <Filter>999_Test\PhysXTest\Level</Filter>
    </ClCompile>
    <ClCompile Include="PhysXTestBox.cpp">
      <Filter>999_Test\PhysXTest\Actor</Filter>
    </ClCompile>
    <ClCompile Include="PhysXTestPlayer.cpp">
      <Filter>999_Test\PhysXTest\Actor</Filter>
    </ClCompile>
    <ClCompile Include="PhysXTestStackBox.cpp">
      <Filter>999_Test\PhysXTest\Actor</Filter>
    </ClCompile>
    <ClCompile Include="PhysX\SampleAllocator.cpp">
      <Filter>999_Test\PhysXTest\Actor\CCT</Filter>
    </ClCompile>
    <ClCompile Include="StartGameTitleActor.cpp">
      <Filter>02_Actor\UIActor\InGameUI</Filter>
    </ClCompile>
    <ClCompile Include="GoalTipActor.cpp">
      <Filter>02_Actor\UIActor\InGameUI</Filter>
    </ClCompile>
    <ClCompile Include="CountDown.cpp">
      <Filter>02_Actor\UIActor\InGameUI</Filter>
    </ClCompile>
    <ClCompile Include="SampleCCTJump.cpp">
      <Filter>999_Test\PhysXTest\Actor\CCT</Filter>
    </ClCompile>
    <ClCompile Include="SuccessCount.cpp">
      <Filter>02_Actor\UIActor\InGameUI</Filter>
    </ClCompile>
    <ClCompile Include="GameSuccess.cpp">
      <Filter>02_Actor\UIActor\InGameUI</Filter>
    </ClCompile>
    <ClCompile Include="TestActor.cpp">
      <Filter>02_Actor\TestActor</Filter>
    </ClCompile>
    <ClCompile Include="RoundEnd.cpp">
      <Filter>02_Actor\UIActor\InGameUI</Filter>
    </ClCompile>
    <ClCompile Include="AxisActorRot.cpp">
      <Filter>02_Actor\MapEditorActor\AxisRotate</Filter>
    </ClCompile>
    <ClCompile Include="PhysXBoxGeometryComponent.cpp">
      <Filter>03_Component\PhysXComponent</Filter>
    </ClCompile>
    <ClCompile Include="VirtualPhysXActor.cpp">
      <Filter>02_Actor\PhysXActor</Filter>
    </ClCompile>
    <ClCompile Include="LJM_PhysXBoxGeometryTest.cpp">
      <Filter>999_Test\PhysXTest\Level</Filter>
    </ClCompile>
    <ClCompile Include="PhysXLevel.cpp">
      <Filter>990_Tutorial\PhysX\Level</Filter>
    </ClCompile>
    <ClCompile Include="PhysXActor.cpp">
      <Filter>990_Tutorial\PhysX\Actor</Filter>
    </ClCompile>
    <ClCompile Include="VirtualPhysXLevel.cpp">
      <Filter>01_Level\PhysXLevel</Filter>
    </ClCompile>
    <ClCompile Include="PlayerActor.cpp">
      <Filter>02_Actor</Filter>
    </ClCompile>
    <ClCompile Include="GameManagerGUI.cpp">
      <Filter>98_LevelGUI</Filter>
    </ClCompile>
    <ClCompile Include="ScaleTestLevel.cpp">
      <Filter>999_Test\TestLevel</Filter>
    </ClCompile>
    <ClCompile Include="ShaderTutorialLevel.cpp">
      <Filter>990_Tutorial\Shader\Level</Filter>
    </ClCompile>
    <ClCompile Include="ActorAxis.cpp">
      <Filter>02_Actor\MapEditorActor\Axis</Filter>
    </ClCompile>
    <ClCompile Include="GameFail.cpp">
      <Filter>02_Actor\UIActor\InGameUI</Filter>
    </ClCompile>
    <ClCompile Include="LobbyPlayer.cpp">
      <Filter>02_Actor\UIActor\LobbyGUY</Filter>
    </ClCompile>
    <ClCompile Include="LobbySetUI.cpp">
      <Filter>02_Actor\UIActor\SetUI\Lobby</Filter>
    </ClCompile>
    <ClCompile Include="LoadingLevel.cpp">
      <Filter>01_Level\LoadingLevel</Filter>
    </ClCompile>
    <ClCompile Include="LobbyLevel.cpp">
      <Filter>01_Level\LobbyLevel</Filter>
    </ClCompile>
    <ClCompile Include="TitleLevel.cpp">
      <Filter>01_Level\TitleLevel</Filter>
    </ClCompile>
    <ClCompile Include="InGameSetUI.cpp">
      <Filter>02_Actor\UIActor\SetUI\InGameUIs</Filter>
    </ClCompile>
    <ClCompile Include="StageTestLevel.cpp">
      <Filter>999_Test\TestLevel</Filter>
    </ClCompile>
    <ClCompile Include="StageParentLevel.cpp">
      <Filter>01_Level</Filter>
    </ClCompile>
    <ClCompile Include="HexAGoneLevel.cpp">
      <Filter>01_Level\Stage04_Hex-A-Gone</Filter>
    </ClCompile>
    <ClCompile Include="PhysXPendulaComponent.cpp">
      <Filter>999_Test\TestComponent\TestPhysX</Filter>
    </ClCompile>
    <ClCompile Include="PlayerActor_State.cpp">
      <Filter>02_Actor</Filter>
    </ClCompile>
    <ClCompile Include="PhysXCCTActorComponent.cpp">
      <Filter>03_Component\PhysXComponent</Filter>
    </ClCompile>
    <ClCompile Include="PhysXDynamicActorComponent.cpp">
      <Filter>03_Component\PhysXComponent</Filter>
    </ClCompile>
    <ClCompile Include="TestMapActor.cpp">
      <Filter>999_Test\TestActor\EditorActor</Filter>
    </ClCompile>
    <ClCompile Include="TestRainBow.cpp">
      <Filter>999_Test\TestActor\EditorActor</Filter>
    </ClCompile>
    <ClCompile Include="TestFloor.cpp">
      <Filter>999_Test\TestActor\ScaleTestActor</Filter>
    </ClCompile>
    <ClCompile Include="TestWallActor.cpp">
      <Filter>999_Test\TestActor\ScaleTestActor</Filter>
    </ClCompile>
    <ClCompile Include="HexTile.cpp">
      <Filter>02_Actor\Stage04Actor</Filter>
    </ClCompile>
    <ClCompile Include="Hex_ProPeller.cpp">
      <Filter>02_Actor\Stage04Actor</Filter>
    </ClCompile>
    <ClCompile Include="Hex_BackGroundObject.cpp">
      <Filter>02_Actor\Stage04Actor</Filter>
    </ClCompile>
    <ClCompile Include="TestCharacterAnimation.cpp">
      <Filter>999_Test\TestActor\ScaleTestActor</Filter>
    </ClCompile>
    <ClCompile Include="PlayerTestActor.cpp">
      <Filter>999_Test\TestActor\PlayerTest</Filter>
    </ClCompile>
    <ClCompile Include="PlayerTestLevel.cpp">
      <Filter>999_Test\TestLevel</Filter>
    </ClCompile>
    <ClCompile Include="SkyboxActor.cpp">
      <Filter>999_Test\TestActor\CameraTest</Filter>
    </ClCompile>
    <ClCompile Include="PostEffect.cpp">
      <Filter>04_PostEffect</Filter>
    </ClCompile>
    <ClCompile Include="PostEffect_Bloom.cpp">
      <Filter>04_PostEffect\Effects</Filter>
    </ClCompile>
  </ItemGroup>
</Project>