<?xml version="1.0" encoding="utf-8"?>
<Project ToolsVersion="4.0" xmlns="http://schemas.microsoft.com/developer/msbuild/2003">
  <ItemGroup>
    <Filter Include="PreCompile">
      <UniqueIdentifier>{439c0504-814e-4f90-8507-3f4dacd0226c}</UniqueIdentifier>
    </Filter>
    <Filter Include="Core">
      <UniqueIdentifier>{eee3c248-3814-48af-b1f4-f221fa7a0ee6}</UniqueIdentifier>
    </Filter>
    <Filter Include="Level">
      <UniqueIdentifier>{690362c5-9421-4d50-89d9-ed74a9d5f1a2}</UniqueIdentifier>
    </Filter>
    <Filter Include="Actor">
      <UniqueIdentifier>{f1bcfd31-d83d-4641-8839-3f0d9292cc76}</UniqueIdentifier>
    </Filter>
    <Filter Include="Actor\MapEditorLevel">
      <UniqueIdentifier>{9ffe7f16-387b-4903-a5fb-f994f68e6944}</UniqueIdentifier>
    </Filter>
    <Filter Include="Global">
      <UniqueIdentifier>{70654044-cd92-4264-ad92-d76b2da59c05}</UniqueIdentifier>
    </Filter>
    <Filter Include="LevelGUI">
      <UniqueIdentifier>{b39fca88-0430-4b47-a91a-8a89b0768235}</UniqueIdentifier>
    </Filter>
    <Filter Include="Actor\UIActor">
      <UniqueIdentifier>{8b26083d-d910-4336-b3ce-cffe8dafa495}</UniqueIdentifier>
    </Filter>
    <Filter Include="Actor\PhysicsTest">
      <UniqueIdentifier>{0ece61f2-354d-4303-90c5-87476bd5459a}</UniqueIdentifier>
    </Filter>
    <Filter Include="Componenet">
      <UniqueIdentifier>{9722c581-c865-46fe-9fe2-1f65d4d5c541}</UniqueIdentifier>
    </Filter>
    <Filter Include="Actor\UIActor\HUDParents">
      <UniqueIdentifier>{a4b573c9-0efa-4e54-8f9b-3820a9096e0e}</UniqueIdentifier>
    </Filter>
    <Filter Include="Actor\UIActor\HUDChilds">
      <UniqueIdentifier>{721478e9-1860-48d1-b593-776b6cf0088c}</UniqueIdentifier>
    </Filter>
  </ItemGroup>
  <ItemGroup>
    <ClInclude Include="ContentsCore.h">
      <Filter>Core</Filter>
    </ClInclude>
    <ClInclude Include="tmpLevel.h">
      <Filter>Level</Filter>
    </ClInclude>
    <ClInclude Include="MapEditorLevel.h">
      <Filter>Level</Filter>
    </ClInclude>
    <ClInclude Include="ColorBox.h">
      <Filter>Actor\MapEditorLevel</Filter>
    </ClInclude>
    <ClInclude Include="ActorPicker.h">
      <Filter>Actor\MapEditorLevel</Filter>
    </ClInclude>
    <ClInclude Include="PickableActor.h">
      <Filter>Actor\MapEditorLevel</Filter>
    </ClInclude>
    <ClInclude Include="GlobalValues.h">
      <Filter>Global</Filter>
    </ClInclude>
    <ClInclude Include="MapEditorGUI.h">
      <Filter>LevelGUI</Filter>
    </ClInclude>
    <ClInclude Include="TitleActor.h">
      <Filter>Actor\UIActor</Filter>
    </ClInclude>
    <ClInclude Include="PhysicsTestLevel.h">
      <Filter>Level</Filter>
    </ClInclude>
    <ClInclude Include="TestBox.h">
      <Filter>Actor\PhysicsTest</Filter>
    </ClInclude>
    <ClInclude Include="Cursor.h" />
    <ClInclude Include="PreCompile.h">
      <Filter>PreCompile</Filter>
    </ClInclude>
    <ClInclude Include="FontActor.h">
      <Filter>Actor\UIActor</Filter>
    </ClInclude>
    <ClInclude Include="LJM_PhysXHelloWorld.h">
      <Filter>Level</Filter>
    </ClInclude>
    <ClInclude Include="PhysXComponenet.h">
      <Filter>Componenet</Filter>
    </ClInclude>
    <ClInclude Include="HUDUIActor.h">
      <Filter>Actor\UIActor\HUDParents</Filter>
    </ClInclude>
    <ClInclude Include="NamePlate.h">
      <Filter>Actor\UIActor\HUDChilds</Filter>
    </ClInclude>
    <ClInclude Include="NoneButton.h">
      <Filter>Actor\UIActor\HUDChilds</Filter>
    </ClInclude>
    <ClInclude Include="NoneMoney.h">
      <Filter>Actor\UIActor\HUDChilds</Filter>
    </ClInclude>
    <ClInclude Include="PlayButton.h">
      <Filter>Actor\UIActor\HUDChilds</Filter>
    </ClInclude>
    <ClInclude Include="SelectShowButton.h">
      <Filter>Actor\UIActor\HUDChilds</Filter>
    </ClInclude>
    <ClInclude Include="TestGround.h">
      <Filter>Actor\PhysicsTest</Filter>
    </ClInclude>
  </ItemGroup>
  <ItemGroup>
    <ClCompile Include="ContentsCore.cpp">
      <Filter>Core</Filter>
    </ClCompile>
    <ClCompile Include="tmpLevel.cpp">
      <Filter>Level</Filter>
    </ClCompile>
    <ClCompile Include="MapEditorLevel.cpp">
      <Filter>Level</Filter>
    </ClCompile>
    <ClCompile Include="ColorBox.cpp">
      <Filter>Actor\MapEditorLevel</Filter>
    </ClCompile>
    <ClCompile Include="ActorPicker.cpp">
      <Filter>Actor\MapEditorLevel</Filter>
    </ClCompile>
    <ClCompile Include="PickableActor.cpp">
      <Filter>Actor\MapEditorLevel</Filter>
    </ClCompile>
    <ClCompile Include="GlobalValues.cpp">
      <Filter>Global</Filter>
    </ClCompile>
    <ClCompile Include="MapEditorGUI.cpp">
      <Filter>LevelGUI</Filter>
    </ClCompile>
    <ClCompile Include="TitleActor.cpp">
      <Filter>Actor\UIActor</Filter>
    </ClCompile>
    <ClCompile Include="PhysicsTestLevel.cpp">
      <Filter>Level</Filter>
    </ClCompile>
    <ClCompile Include="TestBox.cpp">
      <Filter>Actor\PhysicsTest</Filter>
    </ClCompile>
    <ClCompile Include="Cursor.cpp" />
    <ClCompile Include="PreCompile.cpp">
      <Filter>PreCompile</Filter>
    </ClCompile>
    <ClCompile Include="FontActor.cpp">
      <Filter>Actor\UIActor</Filter>
    </ClCompile>
    <ClCompile Include="LJM_PhysXHelloWorld.cpp">
      <Filter>Level</Filter>
    </ClCompile>
    <ClCompile Include="PhysXComponenet.cpp">
      <Filter>Componenet</Filter>
    </ClCompile>
    <ClCompile Include="HUDUIActor.cpp">
      <Filter>Actor\UIActor\HUDParents</Filter>
    </ClCompile>
    <ClCompile Include="NamePlate.cpp">
      <Filter>Actor\UIActor\HUDChilds</Filter>
    </ClCompile>
    <ClCompile Include="NoneButton.cpp">
      <Filter>Actor\UIActor\HUDChilds</Filter>
    </ClCompile>
    <ClCompile Include="NoneMoney.cpp">
      <Filter>Actor\UIActor\HUDChilds</Filter>
    </ClCompile>
    <ClCompile Include="PlayButton.cpp">
      <Filter>Actor\UIActor\HUDChilds</Filter>
    </ClCompile>
    <ClCompile Include="SelectShowButton.cpp">
      <Filter>Actor\UIActor\HUDChilds</Filter>
    </ClCompile>
    <ClCompile Include="TestGround.cpp">
      <Filter>Actor\PhysicsTest</Filter>
    </ClCompile>
  </ItemGroup>
</Project>